
Microsoft Visual Studio Solution File, Format Version 12.00
Project("{2150E333-8FDC-42A3-9474-1A3956D46DE8}") = "src", "src", "{10F773C2-0820-4D7B-A225-0E3296C709DD}"
EndProject
Project("{FAE04EC0-301F-11D3-BF4B-00C04F79EFBC}") = "LocationApp.API", "src\LocationApp.API\LocationApp.API.csproj", "{2154F0AE-BB84-4F6E-B48D-24A0E142A220}"
EndProject
Project("{FAE04EC0-301F-11D3-BF4B-00C04F79EFBC}") = "LocationApp.Application", "src\LocationApp.Application\LocationApp.Application.csproj", "{7973D10F-05B5-4241-9864-66E3B77C2BB3}"
EndProject
Project("{FAE04EC0-301F-11D3-BF4B-00C04F79EFBC}") = "LocationApp.Domain", "src\LocationApp.Domain\LocationApp.Domain.csproj", "{1382B1F7-8190-46C8-ADFD-68747403D4A3}"
EndProject
Project("{FAE04EC0-301F-11D3-BF4B-00C04F79EFBC}") = "LocationApp.Infrastructure", "src\LocationApp.Infrastructure\LocationApp.Infrastructure.csproj", "{A4F440F9-DFB6-49B0-859D-7BD2E59E5448}"
EndProject
Global
	GlobalSection(SolutionConfigurationPlatforms) = preSolution
		Debug|Any CPU = Debug|Any CPU
		Release|Any CPU = Release|Any CPU
	EndGlobalSection
	GlobalSection(ProjectConfigurationPlatforms) = postSolution
		{2154F0AE-BB84-4F6E-B48D-24A0E142A220}.Debug|Any CPU.ActiveCfg = Debug|Any CPU
		{2154F0AE-BB84-4F6E-B48D-24A0E142A220}.Debug|Any CPU.Build.0 = Debug|Any CPU
		{2154F0AE-BB84-4F6E-B48D-24A0E142A220}.Release|Any CPU.ActiveCfg = Release|Any CPU
		{2154F0AE-BB84-4F6E-B48D-24A0E142A220}.Release|Any CPU.Build.0 = Release|Any CPU
		{7973D10F-05B5-4241-9864-66E3B77C2BB3}.Debug|Any CPU.ActiveCfg = Debug|Any CPU
		{7973D10F-05B5-4241-9864-66E3B77C2BB3}.Debug|Any CPU.Build.0 = Debug|Any CPU
		{7973D10F-05B5-4241-9864-66E3B77C2BB3}.Release|Any CPU.ActiveCfg = Release|Any CPU
		{7973D10F-05B5-4241-9864-66E3B77C2BB3}.Release|Any CPU.Build.0 = Release|Any CPU
		{1382B1F7-8190-46C8-ADFD-68747403D4A3}.Debug|Any CPU.ActiveCfg = Debug|Any CPU
		{1382B1F7-8190-46C8-ADFD-68747403D4A3}.Debug|Any CPU.Build.0 = Debug|Any CPU
		{1382B1F7-8190-46C8-ADFD-68747403D4A3}.Release|Any CPU.ActiveCfg = Release|Any CPU
		{1382B1F7-8190-46C8-ADFD-68747403D4A3}.Release|Any CPU.Build.0 = Release|Any CPU
		{A4F440F9-DFB6-49B0-859D-7BD2E59E5448}.Debug|Any CPU.ActiveCfg = Debug|Any CPU
		{A4F440F9-DFB6-49B0-859D-7BD2E59E5448}.Debug|Any CPU.Build.0 = Debug|Any CPU
		{A4F440F9-DFB6-49B0-859D-7BD2E59E5448}.Release|Any CPU.ActiveCfg = Release|Any CPU
		{A4F440F9-DFB6-49B0-859D-7BD2E59E5448}.Release|Any CPU.Build.0 = Release|Any CPU
	EndGlobalSection
	GlobalSection(NestedProjects) = preSolution
		{2154F0AE-BB84-4F6E-B48D-24A0E142A220} = {10F773C2-0820-4D7B-A225-0E3296C709DD}
		{7973D10F-05B5-4241-9864-66E3B77C2BB3} = {10F773C2-0820-4D7B-A225-0E3296C709DD}
		{1382B1F7-8190-46C8-ADFD-68747403D4A3} = {10F773C2-0820-4D7B-A225-0E3296C709DD}
		{A4F440F9-DFB6-49B0-859D-7BD2E59E5448} = {10F773C2-0820-4D7B-A225-0E3296C709DD}
	EndGlobalSection
EndGlobal
